
Microsoft Visual Studio Solution File, Format Version 12.00
# Visual Studio Version 17
VisualStudioVersion = 17.14.36623.8 d17.14
MinimumVisualStudioVersion = 10.0.40219.1
Project("{FAE04EC0-301F-11D3-BF4B-00C04F79EFBC}") = "Car-Service.Host", "Car-Service\Car-Service.Host.csproj", "{A17164D0-5496-4F22-82DF-E34F66C84385}"
EndProject
Project("{FAE04EC0-301F-11D3-BF4B-00C04F79EFBC}") = "Car-Service.BL", "Car-Service.BL\Car-Service.BL.csproj", "{F1B90D6F-0DBF-405E-9A9F-5815F8B1511C}"
EndProject
Project("{FAE04EC0-301F-11D3-BF4B-00C04F79EFBC}") = "Car-Service.DL", "Car-Service.DL\Car-Service.DL.csproj", "{4EEAFB63-D6DD-4D8F-BC07-5F298471AA56}"
EndProject
Project("{FAE04EC0-301F-11D3-BF4B-00C04F79EFBC}") = "Car-Service.Models", "Car-Service.Models\Car-Service.Models.csproj", "{B9574E34-8CF9-401E-A8B2-C10BC34575B8}"
EndProject
Global
	GlobalSection(SolutionConfigurationPlatforms) = preSolution
		Debug|Any CPU = Debug|Any CPU
		Release|Any CPU = Release|Any CPU
	EndGlobalSection
	GlobalSection(ProjectConfigurationPlatforms) = postSolution
		{A17164D0-5496-4F22-82DF-E34F66C84385}.Debug|Any CPU.ActiveCfg = Debug|Any CPU
		{A17164D0-5496-4F22-82DF-E34F66C84385}.Debug|Any CPU.Build.0 = Debug|Any CPU
		{A17164D0-5496-4F22-82DF-E34F66C84385}.Release|Any CPU.ActiveCfg = Release|Any CPU
		{A17164D0-5496-4F22-82DF-E34F66C84385}.Release|Any CPU.Build.0 = Release|Any CPU
		{F1B90D6F-0DBF-405E-9A9F-5815F8B1511C}.Debug|Any CPU.ActiveCfg = Debug|Any CPU
		{F1B90D6F-0DBF-405E-9A9F-5815F8B1511C}.Debug|Any CPU.Build.0 = Debug|Any CPU
		{F1B90D6F-0DBF-405E-9A9F-5815F8B1511C}.Release|Any CPU.ActiveCfg = Release|Any CPU
		{F1B90D6F-0DBF-405E-9A9F-5815F8B1511C}.Release|Any CPU.Build.0 = Release|Any CPU
		{4EEAFB63-D6DD-4D8F-BC07-5F298471AA56}.Debug|Any CPU.ActiveCfg = Debug|Any CPU
		{4EEAFB63-D6DD-4D8F-BC07-5F298471AA56}.Debug|Any CPU.Build.0 = Debug|Any CPU
		{4EEAFB63-D6DD-4D8F-BC07-5F298471AA56}.Release|Any CPU.ActiveCfg = Release|Any CPU
		{4EEAFB63-D6DD-4D8F-BC07-5F298471AA56}.Release|Any CPU.Build.0 = Release|Any CPU
		{B9574E34-8CF9-401E-A8B2-C10BC34575B8}.Debug|Any CPU.ActiveCfg = Debug|Any CPU
		{B9574E34-8CF9-401E-A8B2-C10BC34575B8}.Debug|Any CPU.Build.0 = Debug|Any CPU
		{B9574E34-8CF9-401E-A8B2-C10BC34575B8}.Release|Any CPU.ActiveCfg = Release|Any CPU
		{B9574E34-8CF9-401E-A8B2-C10BC34575B8}.Release|Any CPU.Build.0 = Release|Any CPU
	EndGlobalSection
	GlobalSection(SolutionProperties) = preSolution
		HideSolutionNode = FALSE
	EndGlobalSection
	GlobalSection(ExtensibilityGlobals) = postSolution
		SolutionGuid = {EFDD9C90-30E6-48FD-8972-06A91372CFBD}
	EndGlobalSection
EndGlobal
